
Microsoft Visual Studio Solution File, Format Version 12.00
# Visual Studio Version 17
VisualStudioVersion = 17.7.34024.191
MinimumVisualStudioVersion = 10.0.40219.1
Project("{FAE04EC0-301F-11D3-BF4B-00C04F79EFBC}") = "AutoDimensioningTool", "AutoDimensioningTool\AutoDimensioningTool.csproj", "{EB8EB008-8CB1-4B3D-B1DC-D95653E62961}"
EndProject
Global
	GlobalSection(SolutionConfigurationPlatforms) = preSolution
		Debug|Any CPU = Debug|Any CPU
		Release|Any CPU = Release|Any CPU
	EndGlobalSection
	GlobalSection(ProjectConfigurationPlatforms) = postSolution
		{EB8EB008-8CB1-4B3D-B1DC-D95653E62961}.Debug|Any CPU.ActiveCfg = Debug|Any CPU
		{EB8EB008-8CB1-4B3D-B1DC-D95653E62961}.Debug|Any CPU.Build.0 = Debug|Any CPU
		{EB8EB008-8CB1-4B3D-B1DC-D95653E62961}.Release|Any CPU.ActiveCfg = Release|Any CPU
		{EB8EB008-8CB1-4B3D-B1DC-D95653E62961}.Release|Any CPU.Build.0 = Release|Any CPU
	EndGlobalSection
	GlobalSection(SolutionProperties) = preSolution
		HideSolutionNode = FALSE
	EndGlobalSection
	GlobalSection(ExtensibilityGlobals) = postSolution
		SolutionGuid = {BFF539D5-69AB-4E94-BAD1-9C9793A43586}
	EndGlobalSection
EndGlobal
